// !$*UTF8*$!
{
	archiveVersion = 1;
	classes = {
	};
	objectVersion = 46;
	objects = {

/* Begin PBXBuildFile section */
		1E3E91941C06934400C57EA0 /* main.m in Sources */ = {isa = PBXBuildFile; fileRef = 1E3E91931C06934400C57EA0 /* main.m */; };
		1E3E91971C06934400C57EA0 /* AppDelegate.m in Sources */ = {isa = PBXBuildFile; fileRef = 1E3E91961C06934400C57EA0 /* AppDelegate.m */; };
		1E3E919A1C06934400C57EA0 /* ViewController.m in Sources */ = {isa = PBXBuildFile; fileRef = 1E3E91991C06934400C57EA0 /* ViewController.m */; };
		1E3E919D1C06934400C57EA0 /* Main.storyboard in Resources */ = {isa = PBXBuildFile; fileRef = 1E3E919B1C06934400C57EA0 /* Main.storyboard */; };
		1E3E919F1C06934400C57EA0 /* Assets.xcassets in Resources */ = {isa = PBXBuildFile; fileRef = 1E3E919E1C06934400C57EA0 /* Assets.xcassets */; };
		1E3E91A21C06934400C57EA0 /* LaunchScreen.storyboard in Resources */ = {isa = PBXBuildFile; fileRef = 1E3E91A01C06934400C57EA0 /* LaunchScreen.storyboard */; };
		1E3E91AC1C0693C000C57EA0 /* CustomKeyBoard.m in Sources */ = {isa = PBXBuildFile; fileRef = 1E3E91AB1C0693C000C57EA0 /* CustomKeyBoard.m */; };
		1E3E91AE1C06A7C800C57EA0 /* pad_del@2x.PNG in Resources */ = {isa = PBXBuildFile; fileRef = 1E3E91AD1C06A7C800C57EA0 /* pad_del@2x.PNG */; };
		1EB9E4411C0ED84000ABFFAE /* README.md in Sources */ = {isa = PBXBuildFile; fileRef = 1EB9E4401C0ED84000ABFFAE /* README.md */; };
		1EB9E4451C0ED9AB00ABFFAE /* Screenshot1.png in Resources */ = {isa = PBXBuildFile; fileRef = 1EB9E4421C0ED9AB00ABFFAE /* Screenshot1.png */; };
		1EB9E4461C0ED9AB00ABFFAE /* Screenshot2.png in Resources */ = {isa = PBXBuildFile; fileRef = 1EB9E4431C0ED9AB00ABFFAE /* Screenshot2.png */; };
		1EB9E4471C0ED9AB00ABFFAE /* Screenshot3.png in Resources */ = {isa = PBXBuildFile; fileRef = 1EB9E4441C0ED9AB00ABFFAE /* Screenshot3.png */; };
/* End PBXBuildFile section */

/* Begin PBXFileReference section */
		1E3E918F1C06934400C57EA0 /* CustomKeyboard.app */ = {isa = PBXFileReference; explicitFileType = wrapper.application; includeInIndex = 0; path = CustomKeyboard.app; sourceTree = BUILT_PRODUCTS_DIR; };
		1E3E91931C06934400C57EA0 /* main.m */ = {isa = PBXFileReference; lastKnownFileType = sourcecode.c.objc; path = main.m; sourceTree = "<group>"; };
		1E3E91951C06934400C57EA0 /* AppDelegate.h */ = {isa = PBXFileReference; lastKnownFileType = sourcecode.c.h; path = AppDelegate.h; sourceTree = "<group>"; };
		1E3E91961C06934400C57EA0 /* AppDelegate.m */ = {isa = PBXFileReference; lastKnownFileType = sourcecode.c.objc; path = AppDelegate.m; sourceTree = "<group>"; };
		1E3E91981C06934400C57EA0 /* ViewController.h */ = {isa = PBXFileReference; lastKnownFileType = sourcecode.c.h; path = ViewController.h; sourceTree = "<group>"; };
		1E3E91991C06934400C57EA0 /* ViewController.m */ = {isa = PBXFileReference; lastKnownFileType = sourcecode.c.objc; path = ViewController.m; sourceTree = "<group>"; };
		1E3E919C1C06934400C57EA0 /* Base */ = {isa = PBXFileReference; lastKnownFileType = file.storyboard; name = Base; path = Base.lproj/Main.storyboard; sourceTree = "<group>"; };
		1E3E919E1C06934400C57EA0 /* Assets.xcassets */ = {isa = PBXFileReference; lastKnownFileType = folder.assetcatalog; path = Assets.xcassets; sourceTree = "<group>"; };
		1E3E91A11C06934400C57EA0 /* Base */ = {isa = PBXFileReference; lastKnownFileType = file.storyboard; name = Base; path = Base.lproj/LaunchScreen.storyboard; sourceTree = "<group>"; };
		1E3E91A31C06934400C57EA0 /* Info.plist */ = {isa = PBXFileReference; lastKnownFileType = text.plist.xml; path = Info.plist; sourceTree = "<group>"; };
		1E3E91AA1C0693C000C57EA0 /* CustomKeyBoard.h */ = {isa = PBXFileReference; fileEncoding = 4; lastKnownFileType = sourcecode.c.h; path = CustomKeyBoard.h; sourceTree = "<group>"; };
		1E3E91AB1C0693C000C57EA0 /* CustomKeyBoard.m */ = {isa = PBXFileReference; fileEncoding = 4; lastKnownFileType = sourcecode.c.objc; path = CustomKeyBoard.m; sourceTree = "<group>"; };
		1E3E91AD1C06A7C800C57EA0 /* pad_del@2x.PNG */ = {isa = PBXFileReference; lastKnownFileType = image.png; path = "pad_del@2x.PNG"; sourceTree = "<group>"; };
		1EB9E4401C0ED84000ABFFAE /* README.md */ = {isa = PBXFileReference; fileEncoding = 4; lastKnownFileType = net.daringfireball.markdown; path = README.md; sourceTree = "<group>"; };
		1EB9E4421C0ED9AB00ABFFAE /* Screenshot1.png */ = {isa = PBXFileReference; lastKnownFileType = image.png; path = Screenshot1.png; sourceTree = "<group>"; };
		1EB9E4431C0ED9AB00ABFFAE /* Screenshot2.png */ = {isa = PBXFileReference; lastKnownFileType = image.png; path = Screenshot2.png; sourceTree = "<group>"; };
		1EB9E4441C0ED9AB00ABFFAE /* Screenshot3.png */ = {isa = PBXFileReference; lastKnownFileType = image.png; path = Screenshot3.png; sourceTree = "<group>"; };
/* End PBXFileReference section */

/* Begin PBXFrameworksBuildPhase section */
		1E3E918C1C06934400C57EA0 /* Frameworks */ = {
			isa = PBXFrameworksBuildPhase;
			buildActionMask = 2147483647;
			files = (
			);
			runOnlyForDeploymentPostprocessing = 0;
		};
/* End PBXFrameworksBuildPhase section */

/* Begin PBXGroup section */
		1E3E91861C06934400C57EA0 = {
			isa = PBXGroup;
			children = (
				1EB9E4421C0ED9AB00ABFFAE /* Screenshot1.png */,
				1EB9E4431C0ED9AB00ABFFAE /* Screenshot2.png */,
				1EB9E4441C0ED9AB00ABFFAE /* Screenshot3.png */,
				1EB9E4401C0ED84000ABFFAE /* README.md */,
				1E3E91911C06934400C57EA0 /* CustomKeyboard */,
				1E3E91901C06934400C57EA0 /* Products */,
			);
			sourceTree = "<group>";
		};
		1E3E91901C06934400C57EA0 /* Products */ = {
			isa = PBXGroup;
			children = (
				1E3E918F1C06934400C57EA0 /* CustomKeyboard.app */,
			);
			name = Products;
			sourceTree = "<group>";
		};
		1E3E91911C06934400C57EA0 /* CustomKeyboard */ = {
			isa = PBXGroup;
			children = (
				1E3E91AD1C06A7C800C57EA0 /* pad_del@2x.PNG */,
				1E3E91A91C0693C000C57EA0 /* CustomKeyboard */,
				1E3E91951C06934400C57EA0 /* AppDelegate.h */,
				1E3E91961C06934400C57EA0 /* AppDelegate.m */,
				1E3E91981C06934400C57EA0 /* ViewController.h */,
				1E3E91991C06934400C57EA0 /* ViewController.m */,
				1E3E919B1C06934400C57EA0 /* Main.storyboard */,
				1E3E919E1C06934400C57EA0 /* Assets.xcassets */,
				1E3E91A01C06934400C57EA0 /* LaunchScreen.storyboard */,
				1E3E91A31C06934400C57EA0 /* Info.plist */,
				1E3E91921C06934400C57EA0 /* Supporting Files */,
			);
			path = CustomKeyboard;
			sourceTree = "<group>";
		};
		1E3E91921C06934400C57EA0 /* Supporting Files */ = {
			isa = PBXGroup;
			children = (
				1E3E91931C06934400C57EA0 /* main.m */,
			);
			name = "Supporting Files";
			sourceTree = "<group>";
		};
		1E3E91A91C0693C000C57EA0 /* CustomKeyboard */ = {
			isa = PBXGroup;
			children = (
				1E3E91AA1C0693C000C57EA0 /* CustomKeyBoard.h */,
				1E3E91AB1C0693C000C57EA0 /* CustomKeyBoard.m */,
			);
			path = CustomKeyboard;
			sourceTree = "<group>";
		};
/* End PBXGroup section */

/* Begin PBXNativeTarget section */
		1E3E918E1C06934400C57EA0 /* CustomKeyboard */ = {
			isa = PBXNativeTarget;
			buildConfigurationList = 1E3E91A61C06934400C57EA0 /* Build configuration list for PBXNativeTarget "CustomKeyboard" */;
			buildPhases = (
				1E3E918B1C06934400C57EA0 /* Sources */,
				1E3E918C1C06934400C57EA0 /* Frameworks */,
				1E3E918D1C06934400C57EA0 /* Resources */,
			);
			buildRules = (
			);
			dependencies = (
			);
			name = CustomKeyboard;
			productName = CustomKeyboard;
			productReference = 1E3E918F1C06934400C57EA0 /* CustomKeyboard.app */;
			productType = "com.apple.product-type.application";
		};
/* End PBXNativeTarget section */

/* Begin PBXProject section */
		1E3E91871C06934400C57EA0 /* Project object */ = {
			isa = PBXProject;
			attributes = {
				LastUpgradeCheck = 0710;
				ORGANIZATIONNAME = KMJ;
				TargetAttributes = {
					1E3E918E1C06934400C57EA0 = {
						CreatedOnToolsVersion = 7.1;
					};
				};
			};
			buildConfigurationList = 1E3E918A1C06934400C57EA0 /* Build configuration list for PBXProject "CustomKeyboard" */;
			compatibilityVersion = "Xcode 3.2";
			developmentRegion = English;
			hasScannedForEncodings = 0;
			knownRegions = (
				en,
				Base,
			);
			mainGroup = 1E3E91861C06934400C57EA0;
			productRefGroup = 1E3E91901C06934400C57EA0 /* Products */;
			projectDirPath = "";
			projectRoot = "";
			targets = (
				1E3E918E1C06934400C57EA0 /* CustomKeyboard */,
			);
		};
/* End PBXProject section */

/* Begin PBXResourcesBuildPhase section */
		1E3E918D1C06934400C57EA0 /* Resources */ = {
			isa = PBXResourcesBuildPhase;
			buildActionMask = 2147483647;
			files = (
				1EB9E4461C0ED9AB00ABFFAE /* Screenshot2.png in Resources */,
				1EB9E4471C0ED9AB00ABFFAE /* Screenshot3.png in Resources */,
				1E3E91AE1C06A7C800C57EA0 /* pad_del@2x.PNG in Resources */,
				1EB9E4451C0ED9AB00ABFFAE /* Screenshot1.png in Resources */,
				1E3E91A21C06934400C57EA0 /* LaunchScreen.storyboard in Resources */,
				1E3E919F1C06934400C57EA0 /* Assets.xcassets in Resources */,
				1E3E919D1C06934400C57EA0 /* Main.storyboard in Resources */,
			);
			runOnlyForDeploymentPostprocessing = 0;
		};
/* End PBXResourcesBuildPhase section */

/* Begin PBXSourcesBuildPhase section */
		1E3E918B1C06934400C57EA0 /* Sources */ = {
			isa = PBXSourcesBuildPhase;
			buildActionMask = 2147483647;
			files = (
				1E3E919A1C06934400C57EA0 /* ViewController.m in Sources */,
				1E3E91971C06934400C57EA0 /* AppDelegate.m in Sources */,
				1EB9E4411C0ED84000ABFFAE /* README.md in Sources */,
				1E3E91941C06934400C57EA0 /* main.m in Sources */,
				1E3E91AC1C0693C000C57EA0 /* CustomKeyBoard.m in Sources */,
			);
			runOnlyForDeploymentPostprocessing = 0;
		};
/* End PBXSourcesBuildPhase section */

/* Begin PBXVariantGroup section */
		1E3E919B1C06934400C57EA0 /* Main.storyboard */ = {
			isa = PBXVariantGroup;
			children = (
				1E3E919C1C06934400C57EA0 /* Base */,
			);
			name = Main.storyboard;
			sourceTree = "<group>";
		};
		1E3E91A01C06934400C57EA0 /* LaunchScreen.storyboard */ = {
			isa = PBXVariantGroup;
			children = (
				1E3E91A11C06934400C57EA0 /* Base */,
			);
			name = LaunchScreen.storyboard;
			sourceTree = "<group>";
		};
/* End PBXVariantGroup section */

/* Begin XCBuildConfiguration section */
		1E3E91A41C06934400C57EA0 /* Debug */ = {
			isa = XCBuildConfiguration;
			buildSettings = {
				ALWAYS_SEARCH_USER_PATHS = NO;
				CLANG_CXX_LANGUAGE_STANDARD = "gnu++0x";
				CLANG_CXX_LIBRARY = "libc++";
				CLANG_ENABLE_MODULES = YES;
				CLANG_ENABLE_OBJC_ARC = YES;
				CLANG_WARN_BOOL_CONVERSION = YES;
				CLANG_WARN_CONSTANT_CONVERSION = YES;
				CLANG_WARN_DIRECT_OBJC_ISA_USAGE = YES_ERROR;
				CLANG_WARN_EMPTY_BODY = YES;
				CLANG_WARN_ENUM_CONVERSION = YES;
				CLANG_WARN_INT_CONVERSION = YES;
				CLANG_WARN_OBJC_ROOT_CLASS = YES_ERROR;
				CLANG_WARN_UNREACHABLE_CODE = YES;
				CLANG_WARN__DUPLICATE_METHOD_MATCH = YES;
				"CODE_SIGN_IDENTITY[sdk=iphoneos*]" = "iPhone Developer";
				COPY_PHASE_STRIP = NO;
				DEBUG_INFORMATION_FORMAT = dwarf;
				ENABLE_STRICT_OBJC_MSGSEND = YES;
				ENABLE_TESTABILITY = YES;
				GCC_C_LANGUAGE_STANDARD = gnu99;
				GCC_DYNAMIC_NO_PIC = NO;
				GCC_NO_COMMON_BLOCKS = YES;
				GCC_OPTIMIZATION_LEVEL = 0;
				GCC_PREPROCESSOR_DEFINITIONS = (
					"DEBUG=1",
					"$(inherited)",
				);
				GCC_WARN_64_TO_32_BIT_CONVERSION = YES;
				GCC_WARN_ABOUT_RETURN_TYPE = YES_ERROR;
				GCC_WARN_UNDECLARED_SELECTOR = YES;
				GCC_WARN_UNINITIALIZED_AUTOS = YES_AGGRESSIVE;
				GCC_WARN_UNUSED_FUNCTION = YES;
				GCC_WARN_UNUSED_VARIABLE = YES;
				IPHONEOS_DEPLOYMENT_TARGET = 9.1;
				MTL_ENABLE_DEBUG_INFO = YES;
				ONLY_ACTIVE_ARCH = YES;
				SDKROOT = iphoneos;
			};
			name = Debug;
		};
		1E3E91A51C06934400C57EA0 /* Release */ = {
			isa = XCBuildConfiguration;
			buildSettings = {
				ALWAYS_SEARCH_USER_PATHS = NO;
				CLANG_CXX_LANGUAGE_STANDARD = "gnu++0x";
				CLANG_CXX_LIBRARY = "libc++";
				CLANG_ENABLE_MODULES = YES;
				CLANG_ENABLE_OBJC_ARC = YES;
				CLANG_WARN_BOOL_CONVERSION = YES;
				CLANG_WARN_CONSTANT_CONVERSION = YES;
				CLANG_WARN_DIRECT_OBJC_ISA_USAGE = YES_ERROR;
				CLANG_WARN_EMPTY_BODY = YES;
				CLANG_WARN_ENUM_CONVERSION = YES;
				CLANG_WARN_INT_CONVERSION = YES;
				CLANG_WARN_OBJC_ROOT_CLASS = YES_ERROR;
				CLANG_WARN_UNREACHABLE_CODE = YES;
				CLANG_WARN__DUPLICATE_METHOD_MATCH = YES;
				"CODE_SIGN_IDENTITY[sdk=iphoneos*]" = "iPhone Developer";
				COPY_PHASE_STRIP = NO;
				DEBUG_INFORMATION_FORMAT = "dwarf-with-dsym";
				ENABLE_NS_ASSERTIONS = NO;
				ENABLE_STRICT_OBJC_MSGSEND = YES;
				GCC_C_LANGUAGE_STANDARD = gnu99;
				GCC_NO_COMMON_BLOCKS = YES;
				GCC_WARN_64_TO_32_BIT_CONVERSION = YES;
				GCC_WARN_ABOUT_RETURN_TYPE = YES_ERROR;
				GCC_WARN_UNDECLARED_SELECTOR = YES;
				GCC_WARN_UNINITIALIZED_AUTOS = YES_AGGRESSIVE;
				GCC_WARN_UNUSED_FUNCTION = YES;
				GCC_WARN_UNUSED_VARIABLE = YES;
				IPHONEOS_DEPLOYMENT_TARGET = 9.1;
				MTL_ENABLE_DEBUG_INFO = NO;
				SDKROOT = iphoneos;
				VALIDATE_PRODUCT = YES;
			};
			name = Release;
		};
		1E3E91A71C06934400C57EA0 /* Debug */ = {
			isa = XCBuildConfiguration;
			buildSettings = {
				ASSETCATALOG_COMPILER_APPICON_NAME = AppIcon;
				INFOPLIST_FILE = CustomKeyboard/Info.plist;
				IPHONEOS_DEPLOYMENT_TARGET = 8.4;
				LD_RUNPATH_SEARCH_PATHS = "$(inherited) @executable_path/Frameworks";
				PRODUCT_BUNDLE_IDENTIFIER = com.kmj.CustomKeyboard;
				PRODUCT_NAME = "$(TARGET_NAME)";
			};
			name = Debug;
		};
		1E3E91A81C06934400C57EA0 /* Release */ = {
			isa = XCBuildConfiguration;
			buildSettings = {
				ASSETCATALOG_COMPILER_APPICON_NAME = AppIcon;
				INFOPLIST_FILE = CustomKeyboard/Info.plist;
				IPHONEOS_DEPLOYMENT_TARGET = 8.4;
				LD_RUNPATH_SEARCH_PATHS = "$(inherited) @executable_path/Frameworks";
				PRODUCT_BUNDLE_IDENTIFIER = com.kmj.CustomKeyboard;
				PRODUCT_NAME = "$(TARGET_NAME)";
			};
			name = Release;
		};
/* End XCBuildConfiguration section */

/* Begin XCConfigurationList section */
		1E3E918A1C06934400C57EA0 /* Build configuration list for PBXProject "CustomKeyboard" */ = {
			isa = XCConfigurationList;
			buildConfigurations = (
				1E3E91A41C06934400C57EA0 /* Debug */,
				1E3E91A51C06934400C57EA0 /* Release */,
			);
			defaultConfigurationIsVisible = 0;
			defaultConfigurationName = Release;
		};
		1E3E91A61C06934400C57EA0 /* Build configuration list for PBXNativeTarget "CustomKeyboard" */ = {
			isa = XCConfigurationList;
			buildConfigurations = (
				1E3E91A71C06934400C57EA0 /* Debug */,
				1E3E91A81C06934400C57EA0 /* Release */,
			);
			defaultConfigurationIsVisible = 0;
			defaultConfigurationName = Release;
		};
/* End XCConfigurationList section */
	};
	rootObject = 1E3E91871C06934400C57EA0 /* Project object */;
}
